// !$*UTF8*$!
{
	archiveVersion = 1;
	classes = {
	};
	objectVersion = 51;
	objects = {

/* Begin PBXBuildFile section */
		186045D623E7C1B700285A86 /* AppDelegate.swift in Sources */ = {isa = PBXBuildFile; fileRef = 186045D523E7C1B700285A86 /* AppDelegate.swift */; };
		186045DF23E7C1BA00285A86 /* Assets.xcassets in Resources */ = {isa = PBXBuildFile; fileRef = 186045DE23E7C1BA00285A86 /* Assets.xcassets */; };
		186045E223E7C1BA00285A86 /* LaunchScreen.storyboard in Resources */ = {isa = PBXBuildFile; fileRef = 186045E023E7C1BA00285A86 /* LaunchScreen.storyboard */; };
		1860461323E7DE3F00285A86 /* TrendingViewController.swift in Sources */ = {isa = PBXBuildFile; fileRef = 1860461123E7DE3F00285A86 /* TrendingViewController.swift */; };
		1860461423E7DE3F00285A86 /* TrendingViewController.xib in Resources */ = {isa = PBXBuildFile; fileRef = 1860461223E7DE3F00285A86 /* TrendingViewController.xib */; };
		1860461723E7DE5F00285A86 /* HistoryViewController.swift in Sources */ = {isa = PBXBuildFile; fileRef = 1860461523E7DE5F00285A86 /* HistoryViewController.swift */; };
		1860461B23E7DE8100285A86 /* SearchViewController.swift in Sources */ = {isa = PBXBuildFile; fileRef = 1860461923E7DE8100285A86 /* SearchViewController.swift */; };
		1860461C23E7DE8100285A86 /* SearchViewController.xib in Resources */ = {isa = PBXBuildFile; fileRef = 1860461A23E7DE8100285A86 /* SearchViewController.xib */; };
		1860461F23E7DE9B00285A86 /* HomeViewController.swift in Sources */ = {isa = PBXBuildFile; fileRef = 1860461D23E7DE9B00285A86 /* HomeViewController.swift */; };
		1860462023E7DE9B00285A86 /* HomeViewController.xib in Resources */ = {isa = PBXBuildFile; fileRef = 1860461E23E7DE9B00285A86 /* HomeViewController.xib */; };
		1860462323E7DF0000285A86 /* ProfileViewController.swift in Sources */ = {isa = PBXBuildFile; fileRef = 1860462123E7DF0000285A86 /* ProfileViewController.swift */; };
		1860462423E7DF0000285A86 /* ProfileViewController.xib in Resources */ = {isa = PBXBuildFile; fileRef = 1860462223E7DF0000285A86 /* ProfileViewController.xib */; };
		1860462623E7F69400285A86 /* HeaderView.swift in Sources */ = {isa = PBXBuildFile; fileRef = 1860462523E7F69400285A86 /* HeaderView.swift */; };
		1860462923E7F6B500285A86 /* HeaderView.xib in Resources */ = {isa = PBXBuildFile; fileRef = 1860462823E7F6B500285A86 /* HeaderView.xib */; };
		1860462C23E80E7A00285A86 /* TableViewCell.swift in Sources */ = {isa = PBXBuildFile; fileRef = 1860462A23E80E7A00285A86 /* TableViewCell.swift */; };
		1860462D23E80E7A00285A86 /* TableViewCell.xib in Resources */ = {isa = PBXBuildFile; fileRef = 1860462B23E80E7A00285A86 /* TableViewCell.xib */; };
		1860463723E909F400285A86 /* HistoryViewController.xib in Resources */ = {isa = PBXBuildFile; fileRef = 1860463623E909F400285A86 /* HistoryViewController.xib */; };
		1860463923E90B1C00285A86 /* Video.swift in Sources */ = {isa = PBXBuildFile; fileRef = 1860463823E90B1C00285A86 /* Video.swift */; };
		18BA422E23EA504B0088E0C1 /* BaseViewController.swift in Sources */ = {isa = PBXBuildFile; fileRef = 18BA422D23EA504B0088E0C1 /* BaseViewController.swift */; };
		18BA423023EA66C90088E0C1 /* Dictionary.swift in Sources */ = {isa = PBXBuildFile; fileRef = 18BA422F23EA66C90088E0C1 /* Dictionary.swift */; };
		18BA423223EA67F00088E0C1 /* ManagerAPI.swift in Sources */ = {isa = PBXBuildFile; fileRef = 18BA423123EA67F00088E0C1 /* ManagerAPI.swift */; };
		18BA423423EA7BF40088E0C1 /* BaseTabBarController.swift in Sources */ = {isa = PBXBuildFile; fileRef = 18BA423323EA7BF40088E0C1 /* BaseTabBarController.swift */; };
		18BA423623EA7C320088E0C1 /* BaseTableViewCell.swift in Sources */ = {isa = PBXBuildFile; fileRef = 18BA423523EA7C320088E0C1 /* BaseTableViewCell.swift */; };
		18BA423823EA9DBB0088E0C1 /* NetWorkLayer.swift in Sources */ = {isa = PBXBuildFile; fileRef = 18BA423723EA9DBB0088E0C1 /* NetWorkLayer.swift */; };
		18BA423C23ED22210088E0C1 /* Statistic.swift in Sources */ = {isa = PBXBuildFile; fileRef = 18BA423B23ED22210088E0C1 /* Statistic.swift */; };
		18BA423E23ED228D0088E0C1 /* Image.swift in Sources */ = {isa = PBXBuildFile; fileRef = 18BA423D23ED228D0088E0C1 /* Image.swift */; };
		18BA424023ED22C20088E0C1 /* User.swift in Sources */ = {isa = PBXBuildFile; fileRef = 18BA423F23ED22C20088E0C1 /* User.swift */; };
		18BA424223ED232C0088E0C1 /* Identification.swift in Sources */ = {isa = PBXBuildFile; fileRef = 18BA424123ED232C0088E0C1 /* Identification.swift */; };
		18BA424423ED235E0088E0C1 /* Snippet.swift in Sources */ = {isa = PBXBuildFile; fileRef = 18BA424323ED235E0088E0C1 /* Snippet.swift */; };
		18C751B723E95BD8008FF005 /* UserDefault.swift in Sources */ = {isa = PBXBuildFile; fileRef = 18C751B623E95BD8008FF005 /* UserDefault.swift */; };
		18C751BA23E9670A008FF005 /* LoginViewController.swift in Sources */ = {isa = PBXBuildFile; fileRef = 18C751B823E9670A008FF005 /* LoginViewController.swift */; };
		18C751BB23E9670A008FF005 /* LoginViewController.xib in Resources */ = {isa = PBXBuildFile; fileRef = 18C751B923E9670A008FF005 /* LoginViewController.xib */; };
		18F04C1223ED649F00C09B45 /* LoadImage.swift in Sources */ = {isa = PBXBuildFile; fileRef = 18F04C1123ED649F00C09B45 /* LoadImage.swift */; };
		18F04C1423ED659100C09B45 /* UIView.swift in Sources */ = {isa = PBXBuildFile; fileRef = 18F04C1323ED659100C09B45 /* UIView.swift */; };
		18F04C1623ED65CF00C09B45 /* Int.swift in Sources */ = {isa = PBXBuildFile; fileRef = 18F04C1523ED65CF00C09B45 /* Int.swift */; };
		3CD7D633E809AF7278E94FCB /* libPods-Youtube.a in Frameworks */ = {isa = PBXBuildFile; fileRef = 14EE470038169E0D4A8868EC /* libPods-Youtube.a */; };
/* End PBXBuildFile section */

/* Begin PBXFileReference section */
		14EE470038169E0D4A8868EC /* libPods-Youtube.a */ = {isa = PBXFileReference; explicitFileType = archive.ar; includeInIndex = 0; path = "libPods-Youtube.a"; sourceTree = BUILT_PRODUCTS_DIR; };
		186045D223E7C1B700285A86 /* Youtube.app */ = {isa = PBXFileReference; explicitFileType = wrapper.application; includeInIndex = 0; path = Youtube.app; sourceTree = BUILT_PRODUCTS_DIR; };
		186045D523E7C1B700285A86 /* AppDelegate.swift */ = {isa = PBXFileReference; lastKnownFileType = sourcecode.swift; path = AppDelegate.swift; sourceTree = "<group>"; };
		186045DE23E7C1BA00285A86 /* Assets.xcassets */ = {isa = PBXFileReference; lastKnownFileType = folder.assetcatalog; path = Assets.xcassets; sourceTree = "<group>"; };
		186045E123E7C1BA00285A86 /* Base */ = {isa = PBXFileReference; lastKnownFileType = file.storyboard; name = Base; path = Base.lproj/LaunchScreen.storyboard; sourceTree = "<group>"; };
		186045E323E7C1BA00285A86 /* Info.plist */ = {isa = PBXFileReference; lastKnownFileType = text.plist.xml; path = Info.plist; sourceTree = "<group>"; };
		1860461123E7DE3F00285A86 /* TrendingViewController.swift */ = {isa = PBXFileReference; lastKnownFileType = sourcecode.swift; path = TrendingViewController.swift; sourceTree = "<group>"; };
		1860461223E7DE3F00285A86 /* TrendingViewController.xib */ = {isa = PBXFileReference; lastKnownFileType = file.xib; path = TrendingViewController.xib; sourceTree = "<group>"; };
		1860461523E7DE5F00285A86 /* HistoryViewController.swift */ = {isa = PBXFileReference; lastKnownFileType = sourcecode.swift; path = HistoryViewController.swift; sourceTree = "<group>"; };
		1860461923E7DE8100285A86 /* SearchViewController.swift */ = {isa = PBXFileReference; lastKnownFileType = sourcecode.swift; path = SearchViewController.swift; sourceTree = "<group>"; };
		1860461A23E7DE8100285A86 /* SearchViewController.xib */ = {isa = PBXFileReference; lastKnownFileType = file.xib; path = SearchViewController.xib; sourceTree = "<group>"; };
		1860461D23E7DE9B00285A86 /* HomeViewController.swift */ = {isa = PBXFileReference; lastKnownFileType = sourcecode.swift; path = HomeViewController.swift; sourceTree = "<group>"; };
		1860461E23E7DE9B00285A86 /* HomeViewController.xib */ = {isa = PBXFileReference; lastKnownFileType = file.xib; path = HomeViewController.xib; sourceTree = "<group>"; };
		1860462123E7DF0000285A86 /* ProfileViewController.swift */ = {isa = PBXFileReference; lastKnownFileType = sourcecode.swift; path = ProfileViewController.swift; sourceTree = "<group>"; };
		1860462223E7DF0000285A86 /* ProfileViewController.xib */ = {isa = PBXFileReference; lastKnownFileType = file.xib; path = ProfileViewController.xib; sourceTree = "<group>"; };
		1860462523E7F69400285A86 /* HeaderView.swift */ = {isa = PBXFileReference; lastKnownFileType = sourcecode.swift; path = HeaderView.swift; sourceTree = "<group>"; };
		1860462823E7F6B500285A86 /* HeaderView.xib */ = {isa = PBXFileReference; lastKnownFileType = file.xib; path = HeaderView.xib; sourceTree = "<group>"; };
		1860462A23E80E7A00285A86 /* TableViewCell.swift */ = {isa = PBXFileReference; lastKnownFileType = sourcecode.swift; path = TableViewCell.swift; sourceTree = "<group>"; };
		1860462B23E80E7A00285A86 /* TableViewCell.xib */ = {isa = PBXFileReference; lastKnownFileType = file.xib; path = TableViewCell.xib; sourceTree = "<group>"; };
		1860463623E909F400285A86 /* HistoryViewController.xib */ = {isa = PBXFileReference; lastKnownFileType = file.xib; path = HistoryViewController.xib; sourceTree = "<group>"; };
		1860463823E90B1C00285A86 /* Video.swift */ = {isa = PBXFileReference; lastKnownFileType = sourcecode.swift; path = Video.swift; sourceTree = "<group>"; };
		18BA422D23EA504B0088E0C1 /* BaseViewController.swift */ = {isa = PBXFileReference; lastKnownFileType = sourcecode.swift; path = BaseViewController.swift; sourceTree = "<group>"; };
		18BA422F23EA66C90088E0C1 /* Dictionary.swift */ = {isa = PBXFileReference; lastKnownFileType = sourcecode.swift; path = Dictionary.swift; sourceTree = "<group>"; };
		18BA423123EA67F00088E0C1 /* ManagerAPI.swift */ = {isa = PBXFileReference; lastKnownFileType = sourcecode.swift; path = ManagerAPI.swift; sourceTree = "<group>"; };
		18BA423323EA7BF40088E0C1 /* BaseTabBarController.swift */ = {isa = PBXFileReference; lastKnownFileType = sourcecode.swift; path = BaseTabBarController.swift; sourceTree = "<group>"; };
		18BA423523EA7C320088E0C1 /* BaseTableViewCell.swift */ = {isa = PBXFileReference; lastKnownFileType = sourcecode.swift; path = BaseTableViewCell.swift; sourceTree = "<group>"; };
		18BA423723EA9DBB0088E0C1 /* NetWorkLayer.swift */ = {isa = PBXFileReference; lastKnownFileType = sourcecode.swift; path = NetWorkLayer.swift; sourceTree = "<group>"; };
		18BA423B23ED22210088E0C1 /* Statistic.swift */ = {isa = PBXFileReference; lastKnownFileType = sourcecode.swift; path = Statistic.swift; sourceTree = "<group>"; };
		18BA423D23ED228D0088E0C1 /* Image.swift */ = {isa = PBXFileReference; lastKnownFileType = sourcecode.swift; path = Image.swift; sourceTree = "<group>"; };
		18BA423F23ED22C20088E0C1 /* User.swift */ = {isa = PBXFileReference; lastKnownFileType = sourcecode.swift; path = User.swift; sourceTree = "<group>"; };
		18BA424123ED232C0088E0C1 /* Identification.swift */ = {isa = PBXFileReference; lastKnownFileType = sourcecode.swift; path = Identification.swift; sourceTree = "<group>"; };
		18BA424323ED235E0088E0C1 /* Snippet.swift */ = {isa = PBXFileReference; lastKnownFileType = sourcecode.swift; path = Snippet.swift; sourceTree = "<group>"; };
		18C751B623E95BD8008FF005 /* UserDefault.swift */ = {isa = PBXFileReference; lastKnownFileType = sourcecode.swift; path = UserDefault.swift; sourceTree = "<group>"; };
		18C751B823E9670A008FF005 /* LoginViewController.swift */ = {isa = PBXFileReference; lastKnownFileType = sourcecode.swift; path = LoginViewController.swift; sourceTree = "<group>"; };
		18C751B923E9670A008FF005 /* LoginViewController.xib */ = {isa = PBXFileReference; lastKnownFileType = file.xib; path = LoginViewController.xib; sourceTree = "<group>"; };
		18F04C1123ED649F00C09B45 /* LoadImage.swift */ = {isa = PBXFileReference; lastKnownFileType = sourcecode.swift; path = LoadImage.swift; sourceTree = "<group>"; };
		18F04C1323ED659100C09B45 /* UIView.swift */ = {isa = PBXFileReference; lastKnownFileType = sourcecode.swift; path = UIView.swift; sourceTree = "<group>"; };
		18F04C1523ED65CF00C09B45 /* Int.swift */ = {isa = PBXFileReference; lastKnownFileType = sourcecode.swift; path = Int.swift; sourceTree = "<group>"; };
		99B1AA03730E6C1C9B9D3D66 /* Pods-Youtube.release.xcconfig */ = {isa = PBXFileReference; includeInIndex = 1; lastKnownFileType = text.xcconfig; name = "Pods-Youtube.release.xcconfig"; path = "Target Support Files/Pods-Youtube/Pods-Youtube.release.xcconfig"; sourceTree = "<group>"; };
		FD6959D38DB1D960876156A7 /* Pods-Youtube.debug.xcconfig */ = {isa = PBXFileReference; includeInIndex = 1; lastKnownFileType = text.xcconfig; name = "Pods-Youtube.debug.xcconfig"; path = "Target Support Files/Pods-Youtube/Pods-Youtube.debug.xcconfig"; sourceTree = "<group>"; };
/* End PBXFileReference section */

/* Begin PBXFrameworksBuildPhase section */
		186045CF23E7C1B700285A86 /* Frameworks */ = {
			isa = PBXFrameworksBuildPhase;
			buildActionMask = 2147483647;
			files = (
				3CD7D633E809AF7278E94FCB /* libPods-Youtube.a in Frameworks */,
			);
			runOnlyForDeploymentPostprocessing = 0;
		};
/* End PBXFrameworksBuildPhase section */

/* Begin PBXGroup section */
		186045C923E7C1B700285A86 = {
			isa = PBXGroup;
			children = (
				186045D423E7C1B700285A86 /* Youtube */,
				186045D323E7C1B700285A86 /* Products */,
				83F375A9E7AF3AF311E54240 /* Pods */,
				4C449936C5EAF68A01346D2C /* Frameworks */,
			);
			sourceTree = "<group>";
		};
		186045D323E7C1B700285A86 /* Products */ = {
			isa = PBXGroup;
			children = (
				186045D223E7C1B700285A86 /* Youtube.app */,
			);
			name = Products;
			sourceTree = "<group>";
		};
		186045D423E7C1B700285A86 /* Youtube */ = {
			isa = PBXGroup;
			children = (
				18BA424623ED5BB30088E0C1 /* Network */,
				1860462723E7F69A00285A86 /* View */,
				186045EE23E7C41C00285A86 /* Extension */,
				186045ED23E7C41500285A86 /* Model */,
				186045EC23E7C40000285A86 /* Resource */,
				186045EA23E7C3E100285A86 /* Appdelegate */,
				186045E923E7C3D500285A86 /* ViewController */,
				186045E323E7C1BA00285A86 /* Info.plist */,
			);
			path = Youtube;
			sourceTree = "<group>";
		};
		186045E923E7C3D500285A86 /* ViewController */ = {
			isa = PBXGroup;
			children = (
				18BA422C23EA50300088E0C1 /* Controller */,
				1860460423E7DB7A00285A86 /* ProfileUser */,
				1860460323E7DB6B00285A86 /* Search */,
				186045FA23E7DAF900285A86 /* History */,
				186045F923E7DA9800285A86 /* TopTrending */,
				186045F823E7DA4F00285A86 /* Login */,
				186045F723E7DA4500285A86 /* Home */,
			);
			path = ViewController;
			sourceTree = "<group>";
		};
		186045EA23E7C3E100285A86 /* Appdelegate */ = {
			isa = PBXGroup;
			children = (
				186045D523E7C1B700285A86 /* AppDelegate.swift */,
			);
			path = Appdelegate;
			sourceTree = "<group>";
		};
		186045EC23E7C40000285A86 /* Resource */ = {
			isa = PBXGroup;
			children = (
				186045E023E7C1BA00285A86 /* LaunchScreen.storyboard */,
				186045DE23E7C1BA00285A86 /* Assets.xcassets */,
			);
			path = Resource;
			sourceTree = "<group>";
		};
		186045ED23E7C41500285A86 /* Model */ = {
			isa = PBXGroup;
			children = (
				1860463823E90B1C00285A86 /* Video.swift */,
				18BA423B23ED22210088E0C1 /* Statistic.swift */,
				18BA423D23ED228D0088E0C1 /* Image.swift */,
				18BA423F23ED22C20088E0C1 /* User.swift */,
				18BA424123ED232C0088E0C1 /* Identification.swift */,
				18BA424323ED235E0088E0C1 /* Snippet.swift */,
			);
			path = Model;
			sourceTree = "<group>";
		};
		186045EE23E7C41C00285A86 /* Extension */ = {
			isa = PBXGroup;
			children = (
				18C751B623E95BD8008FF005 /* UserDefault.swift */,
				18BA422F23EA66C90088E0C1 /* Dictionary.swift */,
				18F04C1323ED659100C09B45 /* UIView.swift */,
				18F04C1523ED65CF00C09B45 /* Int.swift */,
			);
			path = Extension;
			sourceTree = "<group>";
		};
		186045F723E7DA4500285A86 /* Home */ = {
			isa = PBXGroup;
			children = (
				1860461D23E7DE9B00285A86 /* HomeViewController.swift */,
				1860461E23E7DE9B00285A86 /* HomeViewController.xib */,
			);
			path = Home;
			sourceTree = "<group>";
		};
		186045F823E7DA4F00285A86 /* Login */ = {
			isa = PBXGroup;
			children = (
				18C751B823E9670A008FF005 /* LoginViewController.swift */,
				18C751B923E9670A008FF005 /* LoginViewController.xib */,
			);
			path = Login;
			sourceTree = "<group>";
		};
		186045F923E7DA9800285A86 /* TopTrending */ = {
			isa = PBXGroup;
			children = (
				1860461123E7DE3F00285A86 /* TrendingViewController.swift */,
				1860461223E7DE3F00285A86 /* TrendingViewController.xib */,
			);
			path = TopTrending;
			sourceTree = "<group>";
		};
		186045FA23E7DAF900285A86 /* History */ = {
			isa = PBXGroup;
			children = (
				1860461523E7DE5F00285A86 /* HistoryViewController.swift */,
				1860463623E909F400285A86 /* HistoryViewController.xib */,
			);
			path = History;
			sourceTree = "<group>";
		};
		1860460323E7DB6B00285A86 /* Search */ = {
			isa = PBXGroup;
			children = (
				1860461923E7DE8100285A86 /* SearchViewController.swift */,
				1860461A23E7DE8100285A86 /* SearchViewController.xib */,
			);
			path = Search;
			sourceTree = "<group>";
		};
		1860460423E7DB7A00285A86 /* ProfileUser */ = {
			isa = PBXGroup;
			children = (
				1860462123E7DF0000285A86 /* ProfileViewController.swift */,
				1860462223E7DF0000285A86 /* ProfileViewController.xib */,
			);
			path = ProfileUser;
			sourceTree = "<group>";
		};
		1860462723E7F69A00285A86 /* View */ = {
			isa = PBXGroup;
			children = (
				1860462523E7F69400285A86 /* HeaderView.swift */,
				1860462823E7F6B500285A86 /* HeaderView.xib */,
				1860462A23E80E7A00285A86 /* TableViewCell.swift */,
				1860462B23E80E7A00285A86 /* TableViewCell.xib */,
			);
			path = View;
			sourceTree = "<group>";
		};
		18BA422C23EA50300088E0C1 /* Controller */ = {
			isa = PBXGroup;
			children = (
				18BA422D23EA504B0088E0C1 /* BaseViewController.swift */,
				18BA423323EA7BF40088E0C1 /* BaseTabBarController.swift */,
				18BA423523EA7C320088E0C1 /* BaseTableViewCell.swift */,
			);
			path = Controller;
			sourceTree = "<group>";
		};
		18BA424623ED5BB30088E0C1 /* Network */ = {
			isa = PBXGroup;
			children = (
				18BA423123EA67F00088E0C1 /* ManagerAPI.swift */,
				18BA423723EA9DBB0088E0C1 /* NetWorkLayer.swift */,
				18F04C1123ED649F00C09B45 /* LoadImage.swift */,
			);
			path = Network;
			sourceTree = "<group>";
		};
		4C449936C5EAF68A01346D2C /* Frameworks */ = {
			isa = PBXGroup;
			children = (
				14EE470038169E0D4A8868EC /* libPods-Youtube.a */,
			);
			name = Frameworks;
			sourceTree = "<group>";
		};
		83F375A9E7AF3AF311E54240 /* Pods */ = {
			isa = PBXGroup;
			children = (
				FD6959D38DB1D960876156A7 /* Pods-Youtube.debug.xcconfig */,
				99B1AA03730E6C1C9B9D3D66 /* Pods-Youtube.release.xcconfig */,
			);
			path = Pods;
			sourceTree = "<group>";
		};
/* End PBXGroup section */

/* Begin PBXNativeTarget section */
		186045D123E7C1B700285A86 /* Youtube */ = {
			isa = PBXNativeTarget;
			buildConfigurationList = 186045E623E7C1BA00285A86 /* Build configuration list for PBXNativeTarget "Youtube" */;
			buildPhases = (
				231B6EE74AEED923A3E10AD5 /* [CP] Check Pods Manifest.lock */,
				186045CE23E7C1B700285A86 /* Sources */,
				186045CF23E7C1B700285A86 /* Frameworks */,
				186045D023E7C1B700285A86 /* Resources */,
				48042CBD29CFC1CC491D089D /* [CP] Copy Pods Resources */,
			);
			buildRules = (
			);
			dependencies = (
			);
			name = Youtube;
			productName = Youtube;
			productReference = 186045D223E7C1B700285A86 /* Youtube.app */;
			productType = "com.apple.product-type.application";
		};
/* End PBXNativeTarget section */

/* Begin PBXProject section */
		186045CA23E7C1B700285A86 /* Project object */ = {
			isa = PBXProject;
			attributes = {
				LastSwiftUpdateCheck = 1100;
				LastUpgradeCheck = 1100;
				ORGANIZATIONNAME = apple;
				TargetAttributes = {
					186045D123E7C1B700285A86 = {
						CreatedOnToolsVersion = 11.0;
					};
				};
			};
			buildConfigurationList = 186045CD23E7C1B700285A86 /* Build configuration list for PBXProject "Youtube" */;
			compatibilityVersion = "Xcode 9.3";
			developmentRegion = en;
			hasScannedForEncodings = 0;
			knownRegions = (
				en,
				Base,
			);
			mainGroup = 186045C923E7C1B700285A86;
			productRefGroup = 186045D323E7C1B700285A86 /* Products */;
			projectDirPath = "";
			projectRoot = "";
			targets = (
				186045D123E7C1B700285A86 /* Youtube */,
			);
		};
/* End PBXProject section */

/* Begin PBXResourcesBuildPhase section */
		186045D023E7C1B700285A86 /* Resources */ = {
			isa = PBXResourcesBuildPhase;
			buildActionMask = 2147483647;
			files = (
				18C751BB23E9670A008FF005 /* LoginViewController.xib in Resources */,
				186045E223E7C1BA00285A86 /* LaunchScreen.storyboard in Resources */,
				1860462D23E80E7A00285A86 /* TableViewCell.xib in Resources */,
				1860462423E7DF0000285A86 /* ProfileViewController.xib in Resources */,
				186045DF23E7C1BA00285A86 /* Assets.xcassets in Resources */,
				1860461423E7DE3F00285A86 /* TrendingViewController.xib in Resources */,
				1860462923E7F6B500285A86 /* HeaderView.xib in Resources */,
				1860461C23E7DE8100285A86 /* SearchViewController.xib in Resources */,
				1860462023E7DE9B00285A86 /* HomeViewController.xib in Resources */,
				1860463723E909F400285A86 /* HistoryViewController.xib in Resources */,
			);
			runOnlyForDeploymentPostprocessing = 0;
		};
/* End PBXResourcesBuildPhase section */

/* Begin PBXShellScriptBuildPhase section */
		231B6EE74AEED923A3E10AD5 /* [CP] Check Pods Manifest.lock */ = {
			isa = PBXShellScriptBuildPhase;
			buildActionMask = 2147483647;
			files = (
			);
			inputFileListPaths = (
			);
			inputPaths = (
				"${PODS_PODFILE_DIR_PATH}/Podfile.lock",
				"${PODS_ROOT}/Manifest.lock",
			);
			name = "[CP] Check Pods Manifest.lock";
			outputFileListPaths = (
			);
			outputPaths = (
				"$(DERIVED_FILE_DIR)/Pods-Youtube-checkManifestLockResult.txt",
			);
			runOnlyForDeploymentPostprocessing = 0;
			shellPath = /bin/sh;
			shellScript = "diff \"${PODS_PODFILE_DIR_PATH}/Podfile.lock\" \"${PODS_ROOT}/Manifest.lock\" > /dev/null\nif [ $? != 0 ] ; then\n    # print error to STDERR\n    echo \"error: The sandbox is not in sync with the Podfile.lock. Run 'pod install' or update your CocoaPods installation.\" >&2\n    exit 1\nfi\n# This output is used by Xcode 'outputs' to avoid re-running this script phase.\necho \"SUCCESS\" > \"${SCRIPT_OUTPUT_FILE_0}\"\n";
			showEnvVarsInLog = 0;
		};
		48042CBD29CFC1CC491D089D /* [CP] Copy Pods Resources */ = {
			isa = PBXShellScriptBuildPhase;
			buildActionMask = 2147483647;
			files = (
			);
			inputFileListPaths = (
				"${PODS_ROOT}/Target Support Files/Pods-Youtube/Pods-Youtube-resources-${CONFIGURATION}-input-files.xcfilelist",
			);
			name = "[CP] Copy Pods Resources";
			outputFileListPaths = (
				"${PODS_ROOT}/Target Support Files/Pods-Youtube/Pods-Youtube-resources-${CONFIGURATION}-output-files.xcfilelist",
			);
			runOnlyForDeploymentPostprocessing = 0;
			shellPath = /bin/sh;
			shellScript = "\"${PODS_ROOT}/Target Support Files/Pods-Youtube/Pods-Youtube-resources.sh\"\n";
			showEnvVarsInLog = 0;
		};
/* End PBXShellScriptBuildPhase section */

/* Begin PBXSourcesBuildPhase section */
		186045CE23E7C1B700285A86 /* Sources */ = {
			isa = PBXSourcesBuildPhase;
			buildActionMask = 2147483647;
			files = (
				18BA423C23ED22210088E0C1 /* Statistic.swift in Sources */,
				18BA422E23EA504B0088E0C1 /* BaseViewController.swift in Sources */,
				1860461323E7DE3F00285A86 /* TrendingViewController.swift in Sources */,
				18BA423423EA7BF40088E0C1 /* BaseTabBarController.swift in Sources */,
				1860461B23E7DE8100285A86 /* SearchViewController.swift in Sources */,
				18C751B723E95BD8008FF005 /* UserDefault.swift in Sources */,
				1860462C23E80E7A00285A86 /* TableViewCell.swift in Sources */,
				18BA423E23ED228D0088E0C1 /* Image.swift in Sources */,
				18BA424023ED22C20088E0C1 /* User.swift in Sources */,
				18BA424423ED235E0088E0C1 /* Snippet.swift in Sources */,
				186045D623E7C1B700285A86 /* AppDelegate.swift in Sources */,
				1860463923E90B1C00285A86 /* Video.swift in Sources */,
				1860462323E7DF0000285A86 /* ProfileViewController.swift in Sources */,
				1860461F23E7DE9B00285A86 /* HomeViewController.swift in Sources */,
				18BA423623EA7C320088E0C1 /* BaseTableViewCell.swift in Sources */,
				18F04C1223ED649F00C09B45 /* LoadImage.swift in Sources */,
				18F04C1423ED659100C09B45 /* UIView.swift in Sources */,
				18BA423023EA66C90088E0C1 /* Dictionary.swift in Sources */,
				1860461723E7DE5F00285A86 /* HistoryViewController.swift in Sources */,
				18BA423223EA67F00088E0C1 /* ManagerAPI.swift in Sources */,
				18BA423823EA9DBB0088E0C1 /* NetWorkLayer.swift in Sources */,
				18BA424223ED232C0088E0C1 /* Identification.swift in Sources */,
				18F04C1623ED65CF00C09B45 /* Int.swift in Sources */,
				1860462623E7F69400285A86 /* HeaderView.swift in Sources */,
				18C751BA23E9670A008FF005 /* LoginViewController.swift in Sources */,
			);
			runOnlyForDeploymentPostprocessing = 0;
		};
/* End PBXSourcesBuildPhase section */

/* Begin PBXVariantGroup section */
		186045E023E7C1BA00285A86 /* LaunchScreen.storyboard */ = {
			isa = PBXVariantGroup;
			children = (
				186045E123E7C1BA00285A86 /* Base */,
			);
			name = LaunchScreen.storyboard;
			sourceTree = "<group>";
		};
/* End PBXVariantGroup section */

/* Begin XCBuildConfiguration section */
		186045E423E7C1BA00285A86 /* Debug */ = {
			isa = XCBuildConfiguration;
			buildSettings = {
				ALWAYS_SEARCH_USER_PATHS = NO;
				CLANG_ANALYZER_NONNULL = YES;
				CLANG_ANALYZER_NUMBER_OBJECT_CONVERSION = YES_AGGRESSIVE;
				CLANG_CXX_LANGUAGE_STANDARD = "gnu++14";
				CLANG_CXX_LIBRARY = "libc++";
				CLANG_ENABLE_MODULES = YES;
				CLANG_ENABLE_OBJC_ARC = YES;
				CLANG_ENABLE_OBJC_WEAK = YES;
				CLANG_WARN_BLOCK_CAPTURE_AUTORELEASING = YES;
				CLANG_WARN_BOOL_CONVERSION = YES;
				CLANG_WARN_COMMA = YES;
				CLANG_WARN_CONSTANT_CONVERSION = YES;
				CLANG_WARN_DEPRECATED_OBJC_IMPLEMENTATIONS = YES;
				CLANG_WARN_DIRECT_OBJC_ISA_USAGE = YES_ERROR;
				CLANG_WARN_DOCUMENTATION_COMMENTS = YES;
				CLANG_WARN_EMPTY_BODY = YES;
				CLANG_WARN_ENUM_CONVERSION = YES;
				CLANG_WARN_INFINITE_RECURSION = YES;
				CLANG_WARN_INT_CONVERSION = YES;
				CLANG_WARN_NON_LITERAL_NULL_CONVERSION = YES;
				CLANG_WARN_OBJC_IMPLICIT_RETAIN_SELF = YES;
				CLANG_WARN_OBJC_LITERAL_CONVERSION = YES;
				CLANG_WARN_OBJC_ROOT_CLASS = YES_ERROR;
				CLANG_WARN_RANGE_LOOP_ANALYSIS = YES;
				CLANG_WARN_STRICT_PROTOTYPES = YES;
				CLANG_WARN_SUSPICIOUS_MOVE = YES;
				CLANG_WARN_UNGUARDED_AVAILABILITY = YES_AGGRESSIVE;
				CLANG_WARN_UNREACHABLE_CODE = YES;
				CLANG_WARN__DUPLICATE_METHOD_MATCH = YES;
				COPY_PHASE_STRIP = NO;
				DEBUG_INFORMATION_FORMAT = dwarf;
				ENABLE_STRICT_OBJC_MSGSEND = YES;
				ENABLE_TESTABILITY = YES;
				GCC_C_LANGUAGE_STANDARD = gnu11;
				GCC_DYNAMIC_NO_PIC = NO;
				GCC_NO_COMMON_BLOCKS = YES;
				GCC_OPTIMIZATION_LEVEL = 0;
				GCC_PREPROCESSOR_DEFINITIONS = (
					"DEBUG=1",
					"$(inherited)",
				);
				GCC_WARN_64_TO_32_BIT_CONVERSION = YES;
				GCC_WARN_ABOUT_RETURN_TYPE = YES_ERROR;
				GCC_WARN_UNDECLARED_SELECTOR = YES;
				GCC_WARN_UNINITIALIZED_AUTOS = YES_AGGRESSIVE;
				GCC_WARN_UNUSED_FUNCTION = YES;
				GCC_WARN_UNUSED_VARIABLE = YES;
				IPHONEOS_DEPLOYMENT_TARGET = 13.0;
				MTL_ENABLE_DEBUG_INFO = INCLUDE_SOURCE;
				MTL_FAST_MATH = YES;
				ONLY_ACTIVE_ARCH = YES;
				SDKROOT = iphoneos;
				SWIFT_ACTIVE_COMPILATION_CONDITIONS = DEBUG;
				SWIFT_OPTIMIZATION_LEVEL = "-Onone";
			};
			name = Debug;
		};
		186045E523E7C1BA00285A86 /* Release */ = {
			isa = XCBuildConfiguration;
			buildSettings = {
				ALWAYS_SEARCH_USER_PATHS = NO;
				CLANG_ANALYZER_NONNULL = YES;
				CLANG_ANALYZER_NUMBER_OBJECT_CONVERSION = YES_AGGRESSIVE;
				CLANG_CXX_LANGUAGE_STANDARD = "gnu++14";
				CLANG_CXX_LIBRARY = "libc++";
				CLANG_ENABLE_MODULES = YES;
				CLANG_ENABLE_OBJC_ARC = YES;
				CLANG_ENABLE_OBJC_WEAK = YES;
				CLANG_WARN_BLOCK_CAPTURE_AUTORELEASING = YES;
				CLANG_WARN_BOOL_CONVERSION = YES;
				CLANG_WARN_COMMA = YES;
				CLANG_WARN_CONSTANT_CONVERSION = YES;
				CLANG_WARN_DEPRECATED_OBJC_IMPLEMENTATIONS = YES;
				CLANG_WARN_DIRECT_OBJC_ISA_USAGE = YES_ERROR;
				CLANG_WARN_DOCUMENTATION_COMMENTS = YES;
				CLANG_WARN_EMPTY_BODY = YES;
				CLANG_WARN_ENUM_CONVERSION = YES;
				CLANG_WARN_INFINITE_RECURSION = YES;
				CLANG_WARN_INT_CONVERSION = YES;
				CLANG_WARN_NON_LITERAL_NULL_CONVERSION = YES;
				CLANG_WARN_OBJC_IMPLICIT_RETAIN_SELF = YES;
				CLANG_WARN_OBJC_LITERAL_CONVERSION = YES;
				CLANG_WARN_OBJC_ROOT_CLASS = YES_ERROR;
				CLANG_WARN_RANGE_LOOP_ANALYSIS = YES;
				CLANG_WARN_STRICT_PROTOTYPES = YES;
				CLANG_WARN_SUSPICIOUS_MOVE = YES;
				CLANG_WARN_UNGUARDED_AVAILABILITY = YES_AGGRESSIVE;
				CLANG_WARN_UNREACHABLE_CODE = YES;
				CLANG_WARN__DUPLICATE_METHOD_MATCH = YES;
				COPY_PHASE_STRIP = NO;
				DEBUG_INFORMATION_FORMAT = "dwarf-with-dsym";
				ENABLE_NS_ASSERTIONS = NO;
				ENABLE_STRICT_OBJC_MSGSEND = YES;
				GCC_C_LANGUAGE_STANDARD = gnu11;
				GCC_NO_COMMON_BLOCKS = YES;
				GCC_WARN_64_TO_32_BIT_CONVERSION = YES;
				GCC_WARN_ABOUT_RETURN_TYPE = YES_ERROR;
				GCC_WARN_UNDECLARED_SELECTOR = YES;
				GCC_WARN_UNINITIALIZED_AUTOS = YES_AGGRESSIVE;
				GCC_WARN_UNUSED_FUNCTION = YES;
				GCC_WARN_UNUSED_VARIABLE = YES;
				IPHONEOS_DEPLOYMENT_TARGET = 13.0;
				MTL_ENABLE_DEBUG_INFO = NO;
				MTL_FAST_MATH = YES;
				SDKROOT = iphoneos;
				SWIFT_COMPILATION_MODE = wholemodule;
				SWIFT_OPTIMIZATION_LEVEL = "-O";
				VALIDATE_PRODUCT = YES;
			};
			name = Release;
		};
		186045E723E7C1BA00285A86 /* Debug */ = {
			isa = XCBuildConfiguration;
			baseConfigurationReference = FD6959D38DB1D960876156A7 /* Pods-Youtube.debug.xcconfig */;
			buildSettings = {
				ASSETCATALOG_COMPILER_APPICON_NAME = AppIcon;
				CODE_SIGN_STYLE = Automatic;
				INFOPLIST_FILE = Youtube/Info.plist;
				LD_RUNPATH_SEARCH_PATHS = (
					"$(inherited)",
					"@executable_path/Frameworks",
				);
				PRODUCT_BUNDLE_IDENTIFIER = khimkhungkhip.Youtube;
				PRODUCT_NAME = "$(TARGET_NAME)";
				SWIFT_VERSION = 5.0;
				TARGETED_DEVICE_FAMILY = "1,2";
			};
			name = Debug;
		};
		186045E823E7C1BA00285A86 /* Release */ = {
			isa = XCBuildConfiguration;
			baseConfigurationReference = 99B1AA03730E6C1C9B9D3D66 /* Pods-Youtube.release.xcconfig */;
			buildSettings = {
				ASSETCATALOG_COMPILER_APPICON_NAME = AppIcon;
				CODE_SIGN_STYLE = Automatic;
				INFOPLIST_FILE = Youtube/Info.plist;
				LD_RUNPATH_SEARCH_PATHS = (
					"$(inherited)",
					"@executable_path/Frameworks",
				);
				PRODUCT_BUNDLE_IDENTIFIER = khimkhungkhip.Youtube;
				PRODUCT_NAME = "$(TARGET_NAME)";
				SWIFT_VERSION = 5.0;
				TARGETED_DEVICE_FAMILY = "1,2";
			};
			name = Release;
		};
/* End XCBuildConfiguration section */

/* Begin XCConfigurationList section */
		186045CD23E7C1B700285A86 /* Build configuration list for PBXProject "Youtube" */ = {
			isa = XCConfigurationList;
			buildConfigurations = (
				186045E423E7C1BA00285A86 /* Debug */,
				186045E523E7C1BA00285A86 /* Release */,
			);
			defaultConfigurationIsVisible = 0;
			defaultConfigurationName = Release;
		};
		186045E623E7C1BA00285A86 /* Build configuration list for PBXNativeTarget "Youtube" */ = {
			isa = XCConfigurationList;
			buildConfigurations = (
				186045E723E7C1BA00285A86 /* Debug */,
				186045E823E7C1BA00285A86 /* Release */,
			);
			defaultConfigurationIsVisible = 0;
			defaultConfigurationName = Release;
		};
/* End XCConfigurationList section */
	};
	rootObject = 186045CA23E7C1B700285A86 /* Project object */;
}
